// !$*UTF8*$!
{
	archiveVersion = 1;
	classes = {
	};
	objectVersion = 56;
	objects = {

/* Begin PBXBuildFile section */
		29D479382A13DBED0033DF90 /* Piano.mp3 in Resources */ = {isa = PBXBuildFile; fileRef = 29D479372A13DBEC0033DF90 /* Piano.mp3 */; };
		F130C47828EBF1390017B2AF /* MinimapView.swift in Sources */ = {isa = PBXBuildFile; fileRef = F130C47728EBF1390017B2AF /* MinimapView.swift */; };
		F1A202B428DEA41E007CD919 /* WaveformDemoApp.swift in Sources */ = {isa = PBXBuildFile; fileRef = F1A202B328DEA41E007CD919 /* WaveformDemoApp.swift */; };
		F1A202B628DEA41E007CD919 /* ContentView.swift in Sources */ = {isa = PBXBuildFile; fileRef = F1A202B528DEA41E007CD919 /* ContentView.swift */; };
		F1A202B828DEA420007CD919 /* Assets.xcassets in Resources */ = {isa = PBXBuildFile; fileRef = F1A202B728DEA420007CD919 /* Assets.xcassets */; };
		F1A202BC28DEA420007CD919 /* Preview Assets.xcassets in Resources */ = {isa = PBXBuildFile; fileRef = F1A202BB28DEA420007CD919 /* Preview Assets.xcassets */; };
		F1A202C628DEA96C007CD919 /* Waveform in Frameworks */ = {isa = PBXBuildFile; productRef = F1A202C528DEA96C007CD919 /* Waveform */; };
		F1FB409728E6660E00AFA732 /* beat.aiff in Resources */ = {isa = PBXBuildFile; fileRef = F1FB409628E6660E00AFA732 /* beat.aiff */; };
/* End PBXBuildFile section */

/* Begin PBXFileReference section */
		29D479372A13DBEC0033DF90 /* Piano.mp3 */ = {isa = PBXFileReference; lastKnownFileType = audio.mp3; name = Piano.mp3; path = ../../Tests/WaveformTests/Piano.mp3; sourceTree = "<group>"; };
		F130C47728EBF1390017B2AF /* MinimapView.swift */ = {isa = PBXFileReference; lastKnownFileType = sourcecode.swift; path = MinimapView.swift; sourceTree = "<group>"; };
		F1A202B028DEA41E007CD919 /* WaveformDemo.app */ = {isa = PBXFileReference; explicitFileType = wrapper.application; includeInIndex = 0; path = WaveformDemo.app; sourceTree = BUILT_PRODUCTS_DIR; };
		F1A202B328DEA41E007CD919 /* WaveformDemoApp.swift */ = {isa = PBXFileReference; lastKnownFileType = sourcecode.swift; path = WaveformDemoApp.swift; sourceTree = "<group>"; };
		F1A202B528DEA41E007CD919 /* ContentView.swift */ = {isa = PBXFileReference; lastKnownFileType = sourcecode.swift; path = ContentView.swift; sourceTree = "<group>"; };
		F1A202B728DEA420007CD919 /* Assets.xcassets */ = {isa = PBXFileReference; lastKnownFileType = folder.assetcatalog; path = Assets.xcassets; sourceTree = "<group>"; };
		F1A202B928DEA420007CD919 /* WaveformDemo.entitlements */ = {isa = PBXFileReference; lastKnownFileType = text.plist.entitlements; path = WaveformDemo.entitlements; sourceTree = "<group>"; };
		F1A202BB28DEA420007CD919 /* Preview Assets.xcassets */ = {isa = PBXFileReference; lastKnownFileType = folder.assetcatalog; path = "Preview Assets.xcassets"; sourceTree = "<group>"; };
		F1A202C328DEA7BC007CD919 /* Waveform */ = {isa = PBXFileReference; lastKnownFileType = wrapper; name = Waveform; path = ..; sourceTree = "<group>"; };
		F1FB409628E6660E00AFA732 /* beat.aiff */ = {isa = PBXFileReference; lastKnownFileType = audio.aiff; name = beat.aiff; path = ../../Tests/WaveformTests/beat.aiff; sourceTree = "<group>"; };
/* End PBXFileReference section */

/* Begin PBXFrameworksBuildPhase section */
		F1A202AD28DEA41E007CD919 /* Frameworks */ = {
			isa = PBXFrameworksBuildPhase;
			buildActionMask = 2147483647;
			files = (
				F1A202C628DEA96C007CD919 /* Waveform in Frameworks */,
			);
			runOnlyForDeploymentPostprocessing = 0;
		};
/* End PBXFrameworksBuildPhase section */

/* Begin PBXGroup section */
		F1A202A728DEA41E007CD919 = {
			isa = PBXGroup;
			children = (
				F1A202C228DEA7BC007CD919 /* Packages */,
				F1A202B228DEA41E007CD919 /* WaveformDemo */,
				F1A202B128DEA41E007CD919 /* Products */,
				F1A202C428DEA96C007CD919 /* Frameworks */,
			);
			sourceTree = "<group>";
		};
		F1A202B128DEA41E007CD919 /* Products */ = {
			isa = PBXGroup;
			children = (
				F1A202B028DEA41E007CD919 /* WaveformDemo.app */,
			);
			name = Products;
			sourceTree = "<group>";
		};
		F1A202B228DEA41E007CD919 /* WaveformDemo */ = {
			isa = PBXGroup;
			children = (
				29D479372A13DBEC0033DF90 /* Piano.mp3 */,
				F1A202B328DEA41E007CD919 /* WaveformDemoApp.swift */,
				F1FB409628E6660E00AFA732 /* beat.aiff */,
				F1A202B528DEA41E007CD919 /* ContentView.swift */,
				F130C47728EBF1390017B2AF /* MinimapView.swift */,
				F1A202B728DEA420007CD919 /* Assets.xcassets */,
				F1A202B928DEA420007CD919 /* WaveformDemo.entitlements */,
				F1A202BA28DEA420007CD919 /* Preview Content */,
			);
			path = WaveformDemo;
			sourceTree = "<group>";
		};
		F1A202BA28DEA420007CD919 /* Preview Content */ = {
			isa = PBXGroup;
			children = (
				F1A202BB28DEA420007CD919 /* Preview Assets.xcassets */,
			);
			path = "Preview Content";
			sourceTree = "<group>";
		};
		F1A202C228DEA7BC007CD919 /* Packages */ = {
			isa = PBXGroup;
			children = (
				F1A202C328DEA7BC007CD919 /* Waveform */,
			);
			name = Packages;
			sourceTree = "<group>";
		};
		F1A202C428DEA96C007CD919 /* Frameworks */ = {
			isa = PBXGroup;
			children = (
			);
			name = Frameworks;
			sourceTree = "<group>";
		};
/* End PBXGroup section */

/* Begin PBXNativeTarget section */
		F1A202AF28DEA41E007CD919 /* WaveformDemo */ = {
			isa = PBXNativeTarget;
			buildConfigurationList = F1A202BF28DEA420007CD919 /* Build configuration list for PBXNativeTarget "WaveformDemo" */;
			buildPhases = (
				F1A202AC28DEA41E007CD919 /* Sources */,
				F1A202AD28DEA41E007CD919 /* Frameworks */,
				F1A202AE28DEA41E007CD919 /* Resources */,
			);
			buildRules = (
			);
			dependencies = (
			);
			name = WaveformDemo;
			packageProductDependencies = (
				F1A202C528DEA96C007CD919 /* Waveform */,
			);
			productName = WaveformDemo;
			productReference = F1A202B028DEA41E007CD919 /* WaveformDemo.app */;
			productType = "com.apple.product-type.application";
		};
/* End PBXNativeTarget section */

/* Begin PBXProject section */
		F1A202A828DEA41E007CD919 /* Project object */ = {
			isa = PBXProject;
			attributes = {
				BuildIndependentTargetsInParallel = 1;
				LastSwiftUpdateCheck = 1400;
				LastUpgradeCheck = 1400;
				TargetAttributes = {
					F1A202AF28DEA41E007CD919 = {
						CreatedOnToolsVersion = 14.0;
					};
				};
			};
			buildConfigurationList = F1A202AB28DEA41E007CD919 /* Build configuration list for PBXProject "WaveformDemo" */;
			compatibilityVersion = "Xcode 14.0";
			developmentRegion = en;
			hasScannedForEncodings = 0;
			knownRegions = (
				en,
				Base,
			);
			mainGroup = F1A202A728DEA41E007CD919;
			productRefGroup = F1A202B128DEA41E007CD919 /* Products */;
			projectDirPath = "";
			projectRoot = "";
			targets = (
				F1A202AF28DEA41E007CD919 /* WaveformDemo */,
			);
		};
/* End PBXProject section */

/* Begin PBXResourcesBuildPhase section */
		F1A202AE28DEA41E007CD919 /* Resources */ = {
			isa = PBXResourcesBuildPhase;
			buildActionMask = 2147483647;
			files = (
				F1FB409728E6660E00AFA732 /* beat.aiff in Resources */,
				F1A202BC28DEA420007CD919 /* Preview Assets.xcassets in Resources */,
				29D479382A13DBED0033DF90 /* Piano.mp3 in Resources */,
				F1A202B828DEA420007CD919 /* Assets.xcassets in Resources */,
			);
			runOnlyForDeploymentPostprocessing = 0;
		};
/* End PBXResourcesBuildPhase section */

/* Begin PBXSourcesBuildPhase section */
		F1A202AC28DEA41E007CD919 /* Sources */ = {
			isa = PBXSourcesBuildPhase;
			buildActionMask = 2147483647;
			files = (
				F1A202B628DEA41E007CD919 /* ContentView.swift in Sources */,
				F1A202B428DEA41E007CD919 /* WaveformDemoApp.swift in Sources */,
				F130C47828EBF1390017B2AF /* MinimapView.swift in Sources */,
			);
			runOnlyForDeploymentPostprocessing = 0;
		};
/* End PBXSourcesBuildPhase section */

/* Begin XCBuildConfiguration section */
		F1A202BD28DEA420007CD919 /* Debug */ = {
			isa = XCBuildConfiguration;
			buildSettings = {
				ALWAYS_SEARCH_USER_PATHS = NO;
				CLANG_ANALYZER_NONNULL = YES;
				CLANG_ANALYZER_NUMBER_OBJECT_CONVERSION = YES_AGGRESSIVE;
				CLANG_CXX_LANGUAGE_STANDARD = "gnu++20";
				CLANG_ENABLE_MODULES = YES;
				CLANG_ENABLE_OBJC_ARC = YES;
				CLANG_ENABLE_OBJC_WEAK = YES;
				CLANG_WARN_BLOCK_CAPTURE_AUTORELEASING = YES;
				CLANG_WARN_BOOL_CONVERSION = YES;
				CLANG_WARN_COMMA = YES;
				CLANG_WARN_CONSTANT_CONVERSION = YES;
				CLANG_WARN_DEPRECATED_OBJC_IMPLEMENTATIONS = YES;
				CLANG_WARN_DIRECT_OBJC_ISA_USAGE = YES_ERROR;
				CLANG_WARN_DOCUMENTATION_COMMENTS = YES;
				CLANG_WARN_EMPTY_BODY = YES;
				CLANG_WARN_ENUM_CONVERSION = YES;
				CLANG_WARN_INFINITE_RECURSION = YES;
				CLANG_WARN_INT_CONVERSION = YES;
				CLANG_WARN_NON_LITERAL_NULL_CONVERSION = YES;
				CLANG_WARN_OBJC_IMPLICIT_RETAIN_SELF = YES;
				CLANG_WARN_OBJC_LITERAL_CONVERSION = YES;
				CLANG_WARN_OBJC_ROOT_CLASS = YES_ERROR;
				CLANG_WARN_QUOTED_INCLUDE_IN_FRAMEWORK_HEADER = YES;
				CLANG_WARN_RANGE_LOOP_ANALYSIS = YES;
				CLANG_WARN_STRICT_PROTOTYPES = YES;
				CLANG_WARN_SUSPICIOUS_MOVE = YES;
				CLANG_WARN_UNGUARDED_AVAILABILITY = YES_AGGRESSIVE;
				CLANG_WARN_UNREACHABLE_CODE = YES;
				CLANG_WARN__DUPLICATE_METHOD_MATCH = YES;
				COPY_PHASE_STRIP = NO;
				DEBUG_INFORMATION_FORMAT = dwarf;
				ENABLE_STRICT_OBJC_MSGSEND = YES;
				ENABLE_TESTABILITY = YES;
				GCC_C_LANGUAGE_STANDARD = gnu11;
				GCC_DYNAMIC_NO_PIC = NO;
				GCC_NO_COMMON_BLOCKS = YES;
				GCC_OPTIMIZATION_LEVEL = 0;
				GCC_PREPROCESSOR_DEFINITIONS = (
					"DEBUG=1",
					"$(inherited)",
				);
				GCC_WARN_64_TO_32_BIT_CONVERSION = YES;
				GCC_WARN_ABOUT_RETURN_TYPE = YES_ERROR;
				GCC_WARN_UNDECLARED_SELECTOR = YES;
				GCC_WARN_UNINITIALIZED_AUTOS = YES_AGGRESSIVE;
				GCC_WARN_UNUSED_FUNCTION = YES;
				GCC_WARN_UNUSED_VARIABLE = YES;
				MTL_ENABLE_DEBUG_INFO = INCLUDE_SOURCE;
				MTL_FAST_MATH = YES;
				ONLY_ACTIVE_ARCH = YES;
				SWIFT_ACTIVE_COMPILATION_CONDITIONS = DEBUG;
				SWIFT_OPTIMIZATION_LEVEL = "-Onone";
			};
			name = Debug;
		};
		F1A202BE28DEA420007CD919 /* Release */ = {
			isa = XCBuildConfiguration;
			buildSettings = {
				ALWAYS_SEARCH_USER_PATHS = NO;
				CLANG_ANALYZER_NONNULL = YES;
				CLANG_ANALYZER_NUMBER_OBJECT_CONVERSION = YES_AGGRESSIVE;
				CLANG_CXX_LANGUAGE_STANDARD = "gnu++20";
				CLANG_ENABLE_MODULES = YES;
				CLANG_ENABLE_OBJC_ARC = YES;
				CLANG_ENABLE_OBJC_WEAK = YES;
				CLANG_WARN_BLOCK_CAPTURE_AUTORELEASING = YES;
				CLANG_WARN_BOOL_CONVERSION = YES;
				CLANG_WARN_COMMA = YES;
				CLANG_WARN_CONSTANT_CONVERSION = YES;
				CLANG_WARN_DEPRECATED_OBJC_IMPLEMENTATIONS = YES;
				CLANG_WARN_DIRECT_OBJC_ISA_USAGE = YES_ERROR;
				CLANG_WARN_DOCUMENTATION_COMMENTS = YES;
				CLANG_WARN_EMPTY_BODY = YES;
				CLANG_WARN_ENUM_CONVERSION = YES;
				CLANG_WARN_INFINITE_RECURSION = YES;
				CLANG_WARN_INT_CONVERSION = YES;
				CLANG_WARN_NON_LITERAL_NULL_CONVERSION = YES;
				CLANG_WARN_OBJC_IMPLICIT_RETAIN_SELF = YES;
				CLANG_WARN_OBJC_LITERAL_CONVERSION = YES;
				CLANG_WARN_OBJC_ROOT_CLASS = YES_ERROR;
				CLANG_WARN_QUOTED_INCLUDE_IN_FRAMEWORK_HEADER = YES;
				CLANG_WARN_RANGE_LOOP_ANALYSIS = YES;
				CLANG_WARN_STRICT_PROTOTYPES = YES;
				CLANG_WARN_SUSPICIOUS_MOVE = YES;
				CLANG_WARN_UNGUARDED_AVAILABILITY = YES_AGGRESSIVE;
				CLANG_WARN_UNREACHABLE_CODE = YES;
				CLANG_WARN__DUPLICATE_METHOD_MATCH = YES;
				COPY_PHASE_STRIP = NO;
				DEBUG_INFORMATION_FORMAT = "dwarf-with-dsym";
				ENABLE_NS_ASSERTIONS = NO;
				ENABLE_STRICT_OBJC_MSGSEND = YES;
				GCC_C_LANGUAGE_STANDARD = gnu11;
				GCC_NO_COMMON_BLOCKS = YES;
				GCC_WARN_64_TO_32_BIT_CONVERSION = YES;
				GCC_WARN_ABOUT_RETURN_TYPE = YES_ERROR;
				GCC_WARN_UNDECLARED_SELECTOR = YES;
				GCC_WARN_UNINITIALIZED_AUTOS = YES_AGGRESSIVE;
				GCC_WARN_UNUSED_FUNCTION = YES;
				GCC_WARN_UNUSED_VARIABLE = YES;
				MTL_ENABLE_DEBUG_INFO = NO;
				MTL_FAST_MATH = YES;
				SWIFT_COMPILATION_MODE = wholemodule;
				SWIFT_OPTIMIZATION_LEVEL = "-O";
			};
			name = Release;
		};
		F1A202C028DEA420007CD919 /* Debug */ = {
			isa = XCBuildConfiguration;
			buildSettings = {
				ASSETCATALOG_COMPILER_APPICON_NAME = AppIcon;
				ASSETCATALOG_COMPILER_GLOBAL_ACCENT_COLOR_NAME = AccentColor;
				CODE_SIGN_ENTITLEMENTS = WaveformDemo/WaveformDemo.entitlements;
				CODE_SIGN_STYLE = Automatic;
				CURRENT_PROJECT_VERSION = 1;
				DEVELOPMENT_ASSET_PATHS = "\"WaveformDemo/Preview Content\"";
				ENABLE_PREVIEWS = YES;
				GENERATE_INFOPLIST_FILE = YES;
				"INFOPLIST_KEY_UIApplicationSceneManifest_Generation[sdk=iphoneos*]" = YES;
				"INFOPLIST_KEY_UIApplicationSceneManifest_Generation[sdk=iphonesimulator*]" = YES;
				"INFOPLIST_KEY_UIApplicationSupportsIndirectInputEvents[sdk=iphoneos*]" = YES;
				"INFOPLIST_KEY_UIApplicationSupportsIndirectInputEvents[sdk=iphonesimulator*]" = YES;
				"INFOPLIST_KEY_UILaunchScreen_Generation[sdk=iphoneos*]" = YES;
				"INFOPLIST_KEY_UILaunchScreen_Generation[sdk=iphonesimulator*]" = YES;
				"INFOPLIST_KEY_UIStatusBarStyle[sdk=iphoneos*]" = UIStatusBarStyleDefault;
				"INFOPLIST_KEY_UIStatusBarStyle[sdk=iphonesimulator*]" = UIStatusBarStyleDefault;
				INFOPLIST_KEY_UISupportedInterfaceOrientations_iPad = "UIInterfaceOrientationPortrait UIInterfaceOrientationPortraitUpsideDown UIInterfaceOrientationLandscapeLeft UIInterfaceOrientationLandscapeRight";
				INFOPLIST_KEY_UISupportedInterfaceOrientations_iPhone = "UIInterfaceOrientationPortrait UIInterfaceOrientationLandscapeLeft UIInterfaceOrientationLandscapeRight";
				IPHONEOS_DEPLOYMENT_TARGET = 15.0;
				LD_RUNPATH_SEARCH_PATHS = "@executable_path/Frameworks";
				"LD_RUNPATH_SEARCH_PATHS[sdk=macosx*]" = "@executable_path/../Frameworks";
				MACOSX_DEPLOYMENT_TARGET = 12.0;
				MARKETING_VERSION = 1.0;
				PRODUCT_BUNDLE_IDENTIFIER = io.audiokit.WaveformDemo;
				PRODUCT_NAME = "$(TARGET_NAME)";
				SDKROOT = auto;
				SUPPORTED_PLATFORMS = "iphoneos iphonesimulator macosx";
				SWIFT_EMIT_LOC_STRINGS = YES;
				SWIFT_VERSION = 5.0;
				TARGETED_DEVICE_FAMILY = "1,2";
			};
			name = Debug;
		};
		F1A202C128DEA420007CD919 /* Release */ = {
			isa = XCBuildConfiguration;
			buildSettings = {
				ASSETCATALOG_COMPILER_APPICON_NAME = AppIcon;
				ASSETCATALOG_COMPILER_GLOBAL_ACCENT_COLOR_NAME = AccentColor;
				CODE_SIGN_ENTITLEMENTS = WaveformDemo/WaveformDemo.entitlements;
				CODE_SIGN_STYLE = Automatic;
				CURRENT_PROJECT_VERSION = 1;
				DEVELOPMENT_ASSET_PATHS = "\"WaveformDemo/Preview Content\"";
				ENABLE_PREVIEWS = YES;
				GENERATE_INFOPLIST_FILE = YES;
				"INFOPLIST_KEY_UIApplicationSceneManifest_Generation[sdk=iphoneos*]" = YES;
				"INFOPLIST_KEY_UIApplicationSceneManifest_Generation[sdk=iphonesimulator*]" = YES;
				"INFOPLIST_KEY_UIApplicationSupportsIndirectInputEvents[sdk=iphoneos*]" = YES;
				"INFOPLIST_KEY_UIApplicationSupportsIndirectInputEvents[sdk=iphonesimulator*]" = YES;
				"INFOPLIST_KEY_UILaunchScreen_Generation[sdk=iphoneos*]" = YES;
				"INFOPLIST_KEY_UILaunchScreen_Generation[sdk=iphonesimulator*]" = YES;
				"INFOPLIST_KEY_UIStatusBarStyle[sdk=iphoneos*]" = UIStatusBarStyleDefault;
				"INFOPLIST_KEY_UIStatusBarStyle[sdk=iphonesimulator*]" = UIStatusBarStyleDefault;
				INFOPLIST_KEY_UISupportedInterfaceOrientations_iPad = "UIInterfaceOrientationPortrait UIInterfaceOrientationPortraitUpsideDown UIInterfaceOrientationLandscapeLeft UIInterfaceOrientationLandscapeRight";
				INFOPLIST_KEY_UISupportedInterfaceOrientations_iPhone = "UIInterfaceOrientationPortrait UIInterfaceOrientationLandscapeLeft UIInterfaceOrientationLandscapeRight";
				IPHONEOS_DEPLOYMENT_TARGET = 15.0;
				LD_RUNPATH_SEARCH_PATHS = "@executable_path/Frameworks";
				"LD_RUNPATH_SEARCH_PATHS[sdk=macosx*]" = "@executable_path/../Frameworks";
				MACOSX_DEPLOYMENT_TARGET = 12.0;
				MARKETING_VERSION = 1.0;
				PRODUCT_BUNDLE_IDENTIFIER = io.audiokit.WaveformDemo;
				PRODUCT_NAME = "$(TARGET_NAME)";
				SDKROOT = auto;
				SUPPORTED_PLATFORMS = "iphoneos iphonesimulator macosx";
				SWIFT_EMIT_LOC_STRINGS = YES;
				SWIFT_VERSION = 5.0;
				TARGETED_DEVICE_FAMILY = "1,2";
			};
			name = Release;
		};
/* End XCBuildConfiguration section */

/* Begin XCConfigurationList section */
		F1A202AB28DEA41E007CD919 /* Build configuration list for PBXProject "WaveformDemo" */ = {
			isa = XCConfigurationList;
			buildConfigurations = (
				F1A202BD28DEA420007CD919 /* Debug */,
				F1A202BE28DEA420007CD919 /* Release */,
			);
			defaultConfigurationIsVisible = 0;
			defaultConfigurationName = Release;
		};
		F1A202BF28DEA420007CD919 /* Build configuration list for PBXNativeTarget "WaveformDemo" */ = {
			isa = XCConfigurationList;
			buildConfigurations = (
				F1A202C028DEA420007CD919 /* Debug */,
				F1A202C128DEA420007CD919 /* Release */,
			);
			defaultConfigurationIsVisible = 0;
			defaultConfigurationName = Release;
		};
/* End XCConfigurationList section */

/* Begin XCSwiftPackageProductDependency section */
		F1A202C528DEA96C007CD919 /* Waveform */ = {
			isa = XCSwiftPackageProductDependency;
			productName = Waveform;
		};
/* End XCSwiftPackageProductDependency section */
	};
	rootObject = F1A202A828DEA41E007CD919 /* Project object */;
}
